
Microsoft Visual Studio Solution File, Format Version 12.00
# Visual Studio Version 17
VisualStudioVersion = 17.8.34330.188
MinimumVisualStudioVersion = 10.0.40219.1
Project("{FAE04EC0-301F-11D3-BF4B-00C04F79EFBC}") = "mvcApi", "mvcApi\mvcApi.csproj", "{B62938D7-DC0B-4844-B2F9-91DDC67B440E}"
EndProject
Global
	GlobalSection(SolutionConfigurationPlatforms) = preSolution
		Debug|Any CPU = Debug|Any CPU
		Release|Any CPU = Release|Any CPU
	EndGlobalSection
	GlobalSection(ProjectConfigurationPlatforms) = postSolution
		{B62938D7-DC0B-4844-B2F9-91DDC67B440E}.Debug|Any CPU.ActiveCfg = Debug|Any CPU
		{B62938D7-DC0B-4844-B2F9-91DDC67B440E}.Debug|Any CPU.Build.0 = Debug|Any CPU
		{B62938D7-DC0B-4844-B2F9-91DDC67B440E}.Release|Any CPU.ActiveCfg = Release|Any CPU
		{B62938D7-DC0B-4844-B2F9-91DDC67B440E}.Release|Any CPU.Build.0 = Release|Any CPU
	EndGlobalSection
	GlobalSection(SolutionProperties) = preSolution
		HideSolutionNode = FALSE
	EndGlobalSection
	GlobalSection(ExtensibilityGlobals) = postSolution
		SolutionGuid = {64A6190F-D604-4D9C-A3E7-C3EA5E9D40B0}
	EndGlobalSection
EndGlobal
